<?xml version="1.0" encoding="utf-8"?>
<Project ToolsVersion="4.0" xmlns="http://schemas.microsoft.com/developer/msbuild/2003">
  <ItemGroup>
    <Filter Include="Source Files">
      <UniqueIdentifier>{4FC737F1-C7A5-4376-A066-2A32D752A2FF}</UniqueIdentifier>
      <Extensions>qml;cpp;c;cc;cxx;def;odl;idl;hpj;bat;asm;asmx</Extensions>
    </Filter>
    <Filter Include="Header Files">
      <UniqueIdentifier>{93995380-89BD-4b04-88EB-625FBE52EBFB}</UniqueIdentifier>
      <Extensions>h;hh;hpp;hxx;hm;inl;inc;xsd</Extensions>
    </Filter>
    <Filter Include="Resource Files">
      <UniqueIdentifier>{67DA6AB6-F800-4c08-8B7A-83BB121AAD01}</UniqueIdentifier>
      <Extensions>qrc;rc;ico;cur;bmp;dlg;rc2;rct;bin;rgs;gif;jpg;jpeg;jpe;resx;tiff;tif;png;wav;mfcribbon-ms</Extensions>
    </Filter>
    <Filter Include="Form Files">
      <UniqueIdentifier>{99349809-55BA-4b9d-BF79-8FDBB0286EB3}</UniqueIdentifier>
      <Extensions>ui</Extensions>
    </Filter>
    <Filter Include="Translation Files">
      <UniqueIdentifier>{639EADAA-A684-42e4-A9AD-28FC9BCB8F7C}</UniqueIdentifier>
      <Extensions>ts</Extensions>
    </Filter>
  </ItemGroup>
  <ItemGroup>
    <QtRcc Include="GUI\QtWidgetsApplication1.qrc">
      <Filter>Resource Files</Filter>
    </QtRcc>
    <QtUic Include="GUI\QtWidgetsApplication1.ui">
      <Filter>Form Files</Filter>
    </QtUic>
    <QtMoc Include="GUI\QtWidgetsApplication1.h">
      <Filter>Header Files</Filter>
    </QtMoc>
    <ClCompile Include="GUI\QtWidgetsApplication1.cpp">
      <Filter>Source Files</Filter>
    </ClCompile>
  </ItemGroup>
  <ItemGroup>
    <ClCompile Include="Main\Main.cpp">
      <Filter>Source Files</Filter>
    </ClCompile>
    <ClCompile Include="Main\Entry.cpp">
      <Filter>Source Files</Filter>
    </ClCompile>
    <ClCompile Include="JCS\Logging.cpp">
      <Filter>Source Files</Filter>
    </ClCompile>
    <ClCompile Include="JCS\Utils.cpp">
      <Filter>Source Files</Filter>
    </ClCompile>
    <ClCompile Include="JCS\XWUtils.cpp">
      <Filter>Source Files</Filter>
    </ClCompile>
    <ClCompile Include="JCS\XWFWrapper\Miscellaneous.cpp">
      <Filter>Source Files</Filter>
    </ClCompile>
    <ClCompile Include="JCS\XWFWrapper\DataWindow.cpp">
      <Filter>Source Files</Filter>
    </ClCompile>
    <ClCompile Include="JCS\XWFWrapper\Event.cpp">
      <Filter>Source Files</Filter>
    </ClCompile>
    <ClCompile Include="JCS\XWFWrapper\EvidenceAndCase.cpp">
      <Filter>Source Files</Filter>
    </ClCompile>
    <ClCompile Include="JCS\XWFWrapper\EvidenceContainer.cpp">
      <Filter>Source Files</Filter>
    </ClCompile>
    <ClCompile Include="JCS\XWFWrapper\FileContent.cpp">
      <Filter>Source Files</Filter>
    </ClCompile>
    <ClCompile Include="JCS\XWFWrapper\IO.cpp">
      <Filter>Source Files</Filter>
    </ClCompile>
    <ClCompile Include="JCS\XWFWrapper\Search.cpp">
      <Filter>Source Files</Filter>
    </ClCompile>
    <ClCompile Include="JCS\XWFWrapper\VolumeSnapshot.cpp">
      <Filter>Source Files</Filter>
    </ClCompile>
    <ClCompile Include="JCS\XWFWrapper\VolumeSnapshotItem.cpp">
      <Filter>Source Files</Filter>
    </ClCompile>
    <ClCompile Include="Models\CaseObject.cpp">
      <Filter>Source Files</Filter>
    </ClCompile>
    <ClCompile Include="Models\CommandLineOptions.cpp">
      <Filter>Source Files</Filter>
    </ClCompile>
    <ClCompile Include="Models\Configuration.cpp">
      <Filter>Source Files</Filter>
    </ClCompile>
    <ClCompile Include="Models\EvidenceObject.cpp">
      <Filter>Source Files</Filter>
    </ClCompile>
    <ClCompile Include="Models\ItemObject.cpp">
      <Filter>Source Files</Filter>
    </ClCompile>
    <ClCompile Include="Models\SearchHitInfo.cpp">
      <Filter>Source Files</Filter>
    </ClCompile>
    <ClCompile Include="Models\VolumeObject.cpp">
      <Filter>Source Files</Filter>
    </ClCompile>
    <ClCompile Include="XT_Core\XTension.cpp">
      <Filter>Source Files</Filter>
    </ClCompile>
    <ClCompile Include="Main\Build.cpp">
      <Filter>Source Files</Filter>
    </ClCompile>
    <ClCompile Include="GUI\GUI.cpp">
      <Filter>Source Files</Filter>
    </ClCompile>
  </ItemGroup>
  <ItemGroup>
    <None Include="Main\Exports.def">
      <Filter>Source Files</Filter>
    </None>
  </ItemGroup>
  <ItemGroup>
    <ClInclude Include="Main\Build.h">
      <Filter>Header Files</Filter>
    </ClInclude>
    <ClInclude Include="JCS\Logging.h">
      <Filter>Header Files</Filter>
    </ClInclude>
    <ClInclude Include="JCS\Utils.h">
      <Filter>Header Files</Filter>
    </ClInclude>
    <ClInclude Include="JCS\XWUtils.h">
      <Filter>Header Files</Filter>
    </ClInclude>
    <ClInclude Include="Main\Main.h">
      <Filter>Header Files</Filter>
    </ClInclude>
    <ClInclude Include="XT_Core\XTension.h">
      <Filter>Header Files</Filter>
    </ClInclude>
    <ClInclude Include="JCS\XWFWrapper\XWFWrapper.h">
      <Filter>Header Files</Filter>
    </ClInclude>
    <ClInclude Include="JCS\XWFWrapper\Miscellaneous.h">
      <Filter>Header Files</Filter>
    </ClInclude>
    <ClInclude Include="JCS\XWFWrapper\DataWindow.h">
      <Filter>Header Files</Filter>
    </ClInclude>
    <ClInclude Include="JCS\XWFWrapper\Event.h">
      <Filter>Header Files</Filter>
    </ClInclude>
    <ClInclude Include="JCS\XWFWrapper\EvidenceAndCase.h">
      <Filter>Header Files</Filter>
    </ClInclude>
    <ClInclude Include="JCS\XWFWrapper\EvidenceContainer.h">
      <Filter>Header Files</Filter>
    </ClInclude>
    <ClInclude Include="JCS\XWFWrapper\FileContent.h">
      <Filter>Header Files</Filter>
    </ClInclude>
    <ClInclude Include="JCS\XWFWrapper\IO.h">
      <Filter>Header Files</Filter>
    </ClInclude>
    <ClInclude Include="JCS\XWFWrapper\Search.h">
      <Filter>Header Files</Filter>
    </ClInclude>
    <ClInclude Include="JCS\XWFWrapper\VolumeSnapshot.h">
      <Filter>Header Files</Filter>
    </ClInclude>
    <ClInclude Include="JCS\XWFWrapper\VolumeSnapshotItem.h">
      <Filter>Header Files</Filter>
    </ClInclude>
    <ClInclude Include="Models\CaseObject.h">
      <Filter>Header Files</Filter>
    </ClInclude>
    <ClInclude Include="Models\CommandLineOptions.h">
      <Filter>Header Files</Filter>
    </ClInclude>
    <ClInclude Include="Models\Configuration.h">
      <Filter>Header Files</Filter>
    </ClInclude>
    <ClInclude Include="Models\EvidenceObject.h">
      <Filter>Header Files</Filter>
    </ClInclude>
    <ClInclude Include="Models\ItemObject.h">
      <Filter>Header Files</Filter>
    </ClInclude>
    <ClInclude Include="Models\SearchHitInfo.h">
      <Filter>Header Files</Filter>
    </ClInclude>
    <ClInclude Include="Models\VolumeObject.h">
      <Filter>Header Files</Filter>
    </ClInclude>
    <ClInclude Include="GUI\GUI.h">
      <Filter>Header Files</Filter>
    </ClInclude>
  </ItemGroup>
</Project>